// !$*UTF8*$!
{
	archiveVersion = 1;
	classes = {
	};
	objectVersion = 50;
	objects = {

/* Begin PBXBuildFile section */
		7631D858225B37D4001EE13F /* AppDelegate.m in Sources */ = {isa = PBXBuildFile; fileRef = 7631D857225B37D4001EE13F /* AppDelegate.m */; };
		7631D85B225B37D4001EE13F /* ViewController.m in Sources */ = {isa = PBXBuildFile; fileRef = 7631D85A225B37D4001EE13F /* ViewController.m */; };
		7631D85E225B37D4001EE13F /* Main.storyboard in Resources */ = {isa = PBXBuildFile; fileRef = 7631D85C225B37D4001EE13F /* Main.storyboard */; };
		7631D860225B37D7001EE13F /* Assets.xcassets in Resources */ = {isa = PBXBuildFile; fileRef = 7631D85F225B37D7001EE13F /* Assets.xcassets */; };
		7631D863225B37D7001EE13F /* LaunchScreen.storyboard in Resources */ = {isa = PBXBuildFile; fileRef = 7631D861225B37D7001EE13F /* LaunchScreen.storyboard */; };
		7631D866225B37D7001EE13F /* main.m in Sources */ = {isa = PBXBuildFile; fileRef = 7631D865225B37D7001EE13F /* main.m */; };
		7631D870225B37D7001EE13F /* AsynDrawTests.m in Sources */ = {isa = PBXBuildFile; fileRef = 7631D86F225B37D7001EE13F /* AsynDrawTests.m */; };
		7631D87B225B37D7001EE13F /* AsynDrawUITests.m in Sources */ = {isa = PBXBuildFile; fileRef = 7631D87A225B37D7001EE13F /* AsynDrawUITests.m */; };
		7631D890225B4B68001EE13F /* AsynLabel.m in Sources */ = {isa = PBXBuildFile; fileRef = 7631D88F225B4B68001EE13F /* AsynLabel.m */; };
/* End PBXBuildFile section */

/* Begin PBXContainerItemProxy section */
		7631D86C225B37D7001EE13F /* PBXContainerItemProxy */ = {
			isa = PBXContainerItemProxy;
			containerPortal = 7631D84B225B37D3001EE13F /* Project object */;
			proxyType = 1;
			remoteGlobalIDString = 7631D852225B37D4001EE13F;
			remoteInfo = AsynDraw;
		};
		7631D877225B37D7001EE13F /* PBXContainerItemProxy */ = {
			isa = PBXContainerItemProxy;
			containerPortal = 7631D84B225B37D3001EE13F /* Project object */;
			proxyType = 1;
			remoteGlobalIDString = 7631D852225B37D4001EE13F;
			remoteInfo = AsynDraw;
		};
/* End PBXContainerItemProxy section */

/* Begin PBXFileReference section */
		7631D853225B37D4001EE13F /* AsynDraw.app */ = {isa = PBXFileReference; explicitFileType = wrapper.application; includeInIndex = 0; path = AsynDraw.app; sourceTree = BUILT_PRODUCTS_DIR; };
		7631D856225B37D4001EE13F /* AppDelegate.h */ = {isa = PBXFileReference; lastKnownFileType = sourcecode.c.h; path = AppDelegate.h; sourceTree = "<group>"; };
		7631D857225B37D4001EE13F /* AppDelegate.m */ = {isa = PBXFileReference; lastKnownFileType = sourcecode.c.objc; path = AppDelegate.m; sourceTree = "<group>"; };
		7631D859225B37D4001EE13F /* ViewController.h */ = {isa = PBXFileReference; lastKnownFileType = sourcecode.c.h; path = ViewController.h; sourceTree = "<group>"; };
		7631D85A225B37D4001EE13F /* ViewController.m */ = {isa = PBXFileReference; lastKnownFileType = sourcecode.c.objc; path = ViewController.m; sourceTree = "<group>"; };
		7631D85D225B37D4001EE13F /* Base */ = {isa = PBXFileReference; lastKnownFileType = file.storyboard; name = Base; path = Base.lproj/Main.storyboard; sourceTree = "<group>"; };
		7631D85F225B37D7001EE13F /* Assets.xcassets */ = {isa = PBXFileReference; lastKnownFileType = folder.assetcatalog; path = Assets.xcassets; sourceTree = "<group>"; };
		7631D862225B37D7001EE13F /* Base */ = {isa = PBXFileReference; lastKnownFileType = file.storyboard; name = Base; path = Base.lproj/LaunchScreen.storyboard; sourceTree = "<group>"; };
		7631D864225B37D7001EE13F /* Info.plist */ = {isa = PBXFileReference; lastKnownFileType = text.plist.xml; path = Info.plist; sourceTree = "<group>"; };
		7631D865225B37D7001EE13F /* main.m */ = {isa = PBXFileReference; lastKnownFileType = sourcecode.c.objc; path = main.m; sourceTree = "<group>"; };
		7631D86B225B37D7001EE13F /* AsynDrawTests.xctest */ = {isa = PBXFileReference; explicitFileType = wrapper.cfbundle; includeInIndex = 0; path = AsynDrawTests.xctest; sourceTree = BUILT_PRODUCTS_DIR; };
		7631D86F225B37D7001EE13F /* AsynDrawTests.m */ = {isa = PBXFileReference; lastKnownFileType = sourcecode.c.objc; path = AsynDrawTests.m; sourceTree = "<group>"; };
		7631D871225B37D7001EE13F /* Info.plist */ = {isa = PBXFileReference; lastKnownFileType = text.plist.xml; path = Info.plist; sourceTree = "<group>"; };
		7631D876225B37D7001EE13F /* AsynDrawUITests.xctest */ = {isa = PBXFileReference; explicitFileType = wrapper.cfbundle; includeInIndex = 0; path = AsynDrawUITests.xctest; sourceTree = BUILT_PRODUCTS_DIR; };
		7631D87A225B37D7001EE13F /* AsynDrawUITests.m */ = {isa = PBXFileReference; lastKnownFileType = sourcecode.c.objc; path = AsynDrawUITests.m; sourceTree = "<group>"; };
		7631D87C225B37D7001EE13F /* Info.plist */ = {isa = PBXFileReference; lastKnownFileType = text.plist.xml; path = Info.plist; sourceTree = "<group>"; };
		7631D88E225B4B68001EE13F /* AsynLabel.h */ = {isa = PBXFileReference; lastKnownFileType = sourcecode.c.h; path = AsynLabel.h; sourceTree = "<group>"; };
		7631D88F225B4B68001EE13F /* AsynLabel.m */ = {isa = PBXFileReference; lastKnownFileType = sourcecode.c.objc; path = AsynLabel.m; sourceTree = "<group>"; };
/* End PBXFileReference section */

/* Begin PBXFrameworksBuildPhase section */
		7631D850225B37D4001EE13F /* Frameworks */ = {
			isa = PBXFrameworksBuildPhase;
			buildActionMask = 2147483647;
			files = (
			);
			runOnlyForDeploymentPostprocessing = 0;
		};
		7631D868225B37D7001EE13F /* Frameworks */ = {
			isa = PBXFrameworksBuildPhase;
			buildActionMask = 2147483647;
			files = (
			);
			runOnlyForDeploymentPostprocessing = 0;
		};
		7631D873225B37D7001EE13F /* Frameworks */ = {
			isa = PBXFrameworksBuildPhase;
			buildActionMask = 2147483647;
			files = (
			);
			runOnlyForDeploymentPostprocessing = 0;
		};
/* End PBXFrameworksBuildPhase section */

/* Begin PBXGroup section */
		7631D84A225B37D3001EE13F = {
			isa = PBXGroup;
			children = (
				7631D855225B37D4001EE13F /* AsynDraw */,
				7631D86E225B37D7001EE13F /* AsynDrawTests */,
				7631D879225B37D7001EE13F /* AsynDrawUITests */,
				7631D854225B37D4001EE13F /* Products */,
			);
			sourceTree = "<group>";
		};
		7631D854225B37D4001EE13F /* Products */ = {
			isa = PBXGroup;
			children = (
				7631D853225B37D4001EE13F /* AsynDraw.app */,
				7631D86B225B37D7001EE13F /* AsynDrawTests.xctest */,
				7631D876225B37D7001EE13F /* AsynDrawUITests.xctest */,
			);
			name = Products;
			sourceTree = "<group>";
		};
		7631D855225B37D4001EE13F /* AsynDraw */ = {
			isa = PBXGroup;
			children = (
				7631D856225B37D4001EE13F /* AppDelegate.h */,
				7631D857225B37D4001EE13F /* AppDelegate.m */,
				7631D859225B37D4001EE13F /* ViewController.h */,
				7631D85A225B37D4001EE13F /* ViewController.m */,
				7631D88E225B4B68001EE13F /* AsynLabel.h */,
				7631D88F225B4B68001EE13F /* AsynLabel.m */,
				7631D85C225B37D4001EE13F /* Main.storyboard */,
				7631D85F225B37D7001EE13F /* Assets.xcassets */,
				7631D861225B37D7001EE13F /* LaunchScreen.storyboard */,
				7631D864225B37D7001EE13F /* Info.plist */,
				7631D865225B37D7001EE13F /* main.m */,
			);
			path = AsynDraw;
			sourceTree = "<group>";
		};
		7631D86E225B37D7001EE13F /* AsynDrawTests */ = {
			isa = PBXGroup;
			children = (
				7631D86F225B37D7001EE13F /* AsynDrawTests.m */,
				7631D871225B37D7001EE13F /* Info.plist */,
			);
			path = AsynDrawTests;
			sourceTree = "<group>";
		};
		7631D879225B37D7001EE13F /* AsynDrawUITests */ = {
			isa = PBXGroup;
			children = (
				7631D87A225B37D7001EE13F /* AsynDrawUITests.m */,
				7631D87C225B37D7001EE13F /* Info.plist */,
			);
			path = AsynDrawUITests;
			sourceTree = "<group>";
		};
/* End PBXGroup section */

/* Begin PBXNativeTarget section */
		7631D852225B37D4001EE13F /* AsynDraw */ = {
			isa = PBXNativeTarget;
			buildConfigurationList = 7631D87F225B37D7001EE13F /* Build configuration list for PBXNativeTarget "AsynDraw" */;
			buildPhases = (
				7631D84F225B37D4001EE13F /* Sources */,
				7631D850225B37D4001EE13F /* Frameworks */,
				7631D851225B37D4001EE13F /* Resources */,
			);
			buildRules = (
			);
			dependencies = (
			);
			name = AsynDraw;
			productName = AsynDraw;
			productReference = 7631D853225B37D4001EE13F /* AsynDraw.app */;
			productType = "com.apple.product-type.application";
		};
		7631D86A225B37D7001EE13F /* AsynDrawTests */ = {
			isa = PBXNativeTarget;
			buildConfigurationList = 7631D882225B37D7001EE13F /* Build configuration list for PBXNativeTarget "AsynDrawTests" */;
			buildPhases = (
				7631D867225B37D7001EE13F /* Sources */,
				7631D868225B37D7001EE13F /* Frameworks */,
				7631D869225B37D7001EE13F /* Resources */,
			);
			buildRules = (
			);
			dependencies = (
				7631D86D225B37D7001EE13F /* PBXTargetDependency */,
			);
			name = AsynDrawTests;
			productName = AsynDrawTests;
			productReference = 7631D86B225B37D7001EE13F /* AsynDrawTests.xctest */;
			productType = "com.apple.product-type.bundle.unit-test";
		};
		7631D875225B37D7001EE13F /* AsynDrawUITests */ = {
			isa = PBXNativeTarget;
			buildConfigurationList = 7631D885225B37D7001EE13F /* Build configuration list for PBXNativeTarget "AsynDrawUITests" */;
			buildPhases = (
				7631D872225B37D7001EE13F /* Sources */,
				7631D873225B37D7001EE13F /* Frameworks */,
				7631D874225B37D7001EE13F /* Resources */,
			);
			buildRules = (
			);
			dependencies = (
				7631D878225B37D7001EE13F /* PBXTargetDependency */,
			);
			name = AsynDrawUITests;
			productName = AsynDrawUITests;
			productReference = 7631D876225B37D7001EE13F /* AsynDrawUITests.xctest */;
			productType = "com.apple.product-type.bundle.ui-testing";
		};
/* End PBXNativeTarget section */

/* Begin PBXProject section */
		7631D84B225B37D3001EE13F /* Project object */ = {
			isa = PBXProject;
			attributes = {
				LastUpgradeCheck = 1020;
				ORGANIZATIONNAME = xboker;
				TargetAttributes = {
					7631D852225B37D4001EE13F = {
						CreatedOnToolsVersion = 10.2;
					};
					7631D86A225B37D7001EE13F = {
						CreatedOnToolsVersion = 10.2;
						TestTargetID = 7631D852225B37D4001EE13F;
					};
					7631D875225B37D7001EE13F = {
						CreatedOnToolsVersion = 10.2;
						TestTargetID = 7631D852225B37D4001EE13F;
					};
				};
			};
			buildConfigurationList = 7631D84E225B37D3001EE13F /* Build configuration list for PBXProject "AsynDraw" */;
			compatibilityVersion = "Xcode 9.3";
			developmentRegion = en;
			hasScannedForEncodings = 0;
			knownRegions = (
				en,
				Base,
			);
			mainGroup = 7631D84A225B37D3001EE13F;
			productRefGroup = 7631D854225B37D4001EE13F /* Products */;
			projectDirPath = "";
			projectRoot = "";
			targets = (
				7631D852225B37D4001EE13F /* AsynDraw */,
				7631D86A225B37D7001EE13F /* AsynDrawTests */,
				7631D875225B37D7001EE13F /* AsynDrawUITests */,
			);
		};
/* End PBXProject section */

/* Begin PBXResourcesBuildPhase section */
		7631D851225B37D4001EE13F /* Resources */ = {
			isa = PBXResourcesBuildPhase;
			buildActionMask = 2147483647;
			files = (
				7631D863225B37D7001EE13F /* LaunchScreen.storyboard in Resources */,
				7631D860225B37D7001EE13F /* Assets.xcassets in Resources */,
				7631D85E225B37D4001EE13F /* Main.storyboard in Resources */,
			);
			runOnlyForDeploymentPostprocessing = 0;
		};
		7631D869225B37D7001EE13F /* Resources */ = {
			isa = PBXResourcesBuildPhase;
			buildActionMask = 2147483647;
			files = (
			);
			runOnlyForDeploymentPostprocessing = 0;
		};
		7631D874225B37D7001EE13F /* Resources */ = {
			isa = PBXResourcesBuildPhase;
			buildActionMask = 2147483647;
			files = (
			);
			runOnlyForDeploymentPostprocessing = 0;
		};
/* End PBXResourcesBuildPhase section */

/* Begin PBXSourcesBuildPhase section */
		7631D84F225B37D4001EE13F /* Sources */ = {
			isa = PBXSourcesBuildPhase;
			buildActionMask = 2147483647;
			files = (
				7631D85B225B37D4001EE13F /* ViewController.m in Sources */,
				7631D890225B4B68001EE13F /* AsynLabel.m in Sources */,
				7631D866225B37D7001EE13F /* main.m in Sources */,
				7631D858225B37D4001EE13F /* AppDelegate.m in Sources */,
			);
			runOnlyForDeploymentPostprocessing = 0;
		};
		7631D867225B37D7001EE13F /* Sources */ = {
			isa = PBXSourcesBuildPhase;
			buildActionMask = 2147483647;
			files = (
				7631D870225B37D7001EE13F /* AsynDrawTests.m in Sources */,
			);
			runOnlyForDeploymentPostprocessing = 0;
		};
		7631D872225B37D7001EE13F /* Sources */ = {
			isa = PBXSourcesBuildPhase;
			buildActionMask = 2147483647;
			files = (
				7631D87B225B37D7001EE13F /* AsynDrawUITests.m in Sources */,
			);
			runOnlyForDeploymentPostprocessing = 0;
		};
/* End PBXSourcesBuildPhase section */

/* Begin PBXTargetDependency section */
		7631D86D225B37D7001EE13F /* PBXTargetDependency */ = {
			isa = PBXTargetDependency;
			target = 7631D852225B37D4001EE13F /* AsynDraw */;
			targetProxy = 7631D86C225B37D7001EE13F /* PBXContainerItemProxy */;
		};
		7631D878225B37D7001EE13F /* PBXTargetDependency */ = {
			isa = PBXTargetDependency;
			target = 7631D852225B37D4001EE13F /* AsynDraw */;
			targetProxy = 7631D877225B37D7001EE13F /* PBXContainerItemProxy */;
		};
/* End PBXTargetDependency section */

/* Begin PBXVariantGroup section */
		7631D85C225B37D4001EE13F /* Main.storyboard */ = {
			isa = PBXVariantGroup;
			children = (
				7631D85D225B37D4001EE13F /* Base */,
			);
			name = Main.storyboard;
			sourceTree = "<group>";
		};
		7631D861225B37D7001EE13F /* LaunchScreen.storyboard */ = {
			isa = PBXVariantGroup;
			children = (
				7631D862225B37D7001EE13F /* Base */,
			);
			name = LaunchScreen.storyboard;
			sourceTree = "<group>";
		};
/* End PBXVariantGroup section */

/* Begin XCBuildConfiguration section */
		7631D87D225B37D7001EE13F /* Debug */ = {
			isa = XCBuildConfiguration;
			buildSettings = {
				ALWAYS_SEARCH_USER_PATHS = NO;
				CLANG_ANALYZER_NONNULL = YES;
				CLANG_ANALYZER_NUMBER_OBJECT_CONVERSION = YES_AGGRESSIVE;
				CLANG_CXX_LANGUAGE_STANDARD = "gnu++14";
				CLANG_CXX_LIBRARY = "libc++";
				CLANG_ENABLE_MODULES = YES;
				CLANG_ENABLE_OBJC_ARC = YES;
				CLANG_ENABLE_OBJC_WEAK = YES;
				CLANG_WARN_BLOCK_CAPTURE_AUTORELEASING = YES;
				CLANG_WARN_BOOL_CONVERSION = YES;
				CLANG_WARN_COMMA = YES;
				CLANG_WARN_CONSTANT_CONVERSION = YES;
				CLANG_WARN_DEPRECATED_OBJC_IMPLEMENTATIONS = YES;
				CLANG_WARN_DIRECT_OBJC_ISA_USAGE = YES_ERROR;
				CLANG_WARN_DOCUMENTATION_COMMENTS = YES;
				CLANG_WARN_EMPTY_BODY = YES;
				CLANG_WARN_ENUM_CONVERSION = YES;
				CLANG_WARN_INFINITE_RECURSION = YES;
				CLANG_WARN_INT_CONVERSION = YES;
				CLANG_WARN_NON_LITERAL_NULL_CONVERSION = YES;
				CLANG_WARN_OBJC_IMPLICIT_RETAIN_SELF = YES;
				CLANG_WARN_OBJC_LITERAL_CONVERSION = YES;
				CLANG_WARN_OBJC_ROOT_CLASS = YES_ERROR;
				CLANG_WARN_RANGE_LOOP_ANALYSIS = YES;
				CLANG_WARN_STRICT_PROTOTYPES = YES;
				CLANG_WARN_SUSPICIOUS_MOVE = YES;
				CLANG_WARN_UNGUARDED_AVAILABILITY = YES_AGGRESSIVE;
				CLANG_WARN_UNREACHABLE_CODE = YES;
				CLANG_WARN__DUPLICATE_METHOD_MATCH = YES;
				CODE_SIGN_IDENTITY = "iPhone Developer";
				COPY_PHASE_STRIP = NO;
				DEBUG_INFORMATION_FORMAT = dwarf;
				ENABLE_STRICT_OBJC_MSGSEND = YES;
				ENABLE_TESTABILITY = YES;
				GCC_C_LANGUAGE_STANDARD = gnu11;
				GCC_DYNAMIC_NO_PIC = NO;
				GCC_NO_COMMON_BLOCKS = YES;
				GCC_OPTIMIZATION_LEVEL = 0;
				GCC_PREPROCESSOR_DEFINITIONS = (
					"DEBUG=1",
					"$(inherited)",
				);
				GCC_WARN_64_TO_32_BIT_CONVERSION = YES;
				GCC_WARN_ABOUT_RETURN_TYPE = YES_ERROR;
				GCC_WARN_UNDECLARED_SELECTOR = YES;
				GCC_WARN_UNINITIALIZED_AUTOS = YES_AGGRESSIVE;
				GCC_WARN_UNUSED_FUNCTION = YES;
				GCC_WARN_UNUSED_VARIABLE = YES;
				IPHONEOS_DEPLOYMENT_TARGET = 12.2;
				MTL_ENABLE_DEBUG_INFO = INCLUDE_SOURCE;
				MTL_FAST_MATH = YES;
				ONLY_ACTIVE_ARCH = YES;
				SDKROOT = iphoneos;
			};
			name = Debug;
		};
		7631D87E225B37D7001EE13F /* Release */ = {
			isa = XCBuildConfiguration;
			buildSettings = {
				ALWAYS_SEARCH_USER_PATHS = NO;
				CLANG_ANALYZER_NONNULL = YES;
				CLANG_ANALYZER_NUMBER_OBJECT_CONVERSION = YES_AGGRESSIVE;
				CLANG_CXX_LANGUAGE_STANDARD = "gnu++14";
				CLANG_CXX_LIBRARY = "libc++";
				CLANG_ENABLE_MODULES = YES;
				CLANG_ENABLE_OBJC_ARC = YES;
				CLANG_ENABLE_OBJC_WEAK = YES;
				CLANG_WARN_BLOCK_CAPTURE_AUTORELEASING = YES;
				CLANG_WARN_BOOL_CONVERSION = YES;
				CLANG_WARN_COMMA = YES;
				CLANG_WARN_CONSTANT_CONVERSION = YES;
				CLANG_WARN_DEPRECATED_OBJC_IMPLEMENTATIONS = YES;
				CLANG_WARN_DIRECT_OBJC_ISA_USAGE = YES_ERROR;
				CLANG_WARN_DOCUMENTATION_COMMENTS = YES;
				CLANG_WARN_EMPTY_BODY = YES;
				CLANG_WARN_ENUM_CONVERSION = YES;
				CLANG_WARN_INFINITE_RECURSION = YES;
				CLANG_WARN_INT_CONVERSION = YES;
				CLANG_WARN_NON_LITERAL_NULL_CONVERSION = YES;
				CLANG_WARN_OBJC_IMPLICIT_RETAIN_SELF = YES;
				CLANG_WARN_OBJC_LITERAL_CONVERSION = YES;
				CLANG_WARN_OBJC_ROOT_CLASS = YES_ERROR;
				CLANG_WARN_RANGE_LOOP_ANALYSIS = YES;
				CLANG_WARN_STRICT_PROTOTYPES = YES;
				CLANG_WARN_SUSPICIOUS_MOVE = YES;
				CLANG_WARN_UNGUARDED_AVAILABILITY = YES_AGGRESSIVE;
				CLANG_WARN_UNREACHABLE_CODE = YES;
				CLANG_WARN__DUPLICATE_METHOD_MATCH = YES;
				CODE_SIGN_IDENTITY = "iPhone Developer";
				COPY_PHASE_STRIP = NO;
				DEBUG_INFORMATION_FORMAT = "dwarf-with-dsym";
				ENABLE_NS_ASSERTIONS = NO;
				ENABLE_STRICT_OBJC_MSGSEND = YES;
				GCC_C_LANGUAGE_STANDARD = gnu11;
				GCC_NO_COMMON_BLOCKS = YES;
				GCC_WARN_64_TO_32_BIT_CONVERSION = YES;
				GCC_WARN_ABOUT_RETURN_TYPE = YES_ERROR;
				GCC_WARN_UNDECLARED_SELECTOR = YES;
				GCC_WARN_UNINITIALIZED_AUTOS = YES_AGGRESSIVE;
				GCC_WARN_UNUSED_FUNCTION = YES;
				GCC_WARN_UNUSED_VARIABLE = YES;
				IPHONEOS_DEPLOYMENT_TARGET = 12.2;
				MTL_ENABLE_DEBUG_INFO = NO;
				MTL_FAST_MATH = YES;
				SDKROOT = iphoneos;
				VALIDATE_PRODUCT = YES;
			};
			name = Release;
		};
		7631D880225B37D7001EE13F /* Debug */ = {
			isa = XCBuildConfiguration;
			buildSettings = {
				ASSETCATALOG_COMPILER_APPICON_NAME = AppIcon;
				CODE_SIGN_STYLE = Automatic;
				DEVELOPMENT_TEAM = 2XC5X22KTR;
				INFOPLIST_FILE = AsynDraw/Info.plist;
				LD_RUNPATH_SEARCH_PATHS = (
					"$(inherited)",
					"@executable_path/Frameworks",
				);
				PRODUCT_BUNDLE_IDENTIFIER = Study.AsynDraw;
				PRODUCT_NAME = "$(TARGET_NAME)";
				TARGETED_DEVICE_FAMILY = "1,2";
			};
			name = Debug;
		};
		7631D881225B37D7001EE13F /* Release */ = {
			isa = XCBuildConfiguration;
			buildSettings = {
				ASSETCATALOG_COMPILER_APPICON_NAME = AppIcon;
				CODE_SIGN_STYLE = Automatic;
				DEVELOPMENT_TEAM = 2XC5X22KTR;
				INFOPLIST_FILE = AsynDraw/Info.plist;
				LD_RUNPATH_SEARCH_PATHS = (
					"$(inherited)",
					"@executable_path/Frameworks",
				);
				PRODUCT_BUNDLE_IDENTIFIER = Study.AsynDraw;
				PRODUCT_NAME = "$(TARGET_NAME)";
				TARGETED_DEVICE_FAMILY = "1,2";
			};
			name = Release;
		};
		7631D883225B37D7001EE13F /* Debug */ = {
			isa = XCBuildConfiguration;
			buildSettings = {
				BUNDLE_LOADER = "$(TEST_HOST)";
				CODE_SIGN_STYLE = Automatic;
				DEVELOPMENT_TEAM = 2XC5X22KTR;
				INFOPLIST_FILE = AsynDrawTests/Info.plist;
				LD_RUNPATH_SEARCH_PATHS = (
					"$(inherited)",
					"@executable_path/Frameworks",
					"@loader_path/Frameworks",
				);
				PRODUCT_BUNDLE_IDENTIFIER = Study.AsynDrawTests;
				PRODUCT_NAME = "$(TARGET_NAME)";
				TARGETED_DEVICE_FAMILY = "1,2";
				TEST_HOST = "$(BUILT_PRODUCTS_DIR)/AsynDraw.app/AsynDraw";
			};
			name = Debug;
		};
		7631D884225B37D7001EE13F /* Release */ = {
			isa = XCBuildConfiguration;
			buildSettings = {
				BUNDLE_LOADER = "$(TEST_HOST)";
				CODE_SIGN_STYLE = Automatic;
				DEVELOPMENT_TEAM = 2XC5X22KTR;
				INFOPLIST_FILE = AsynDrawTests/Info.plist;
				LD_RUNPATH_SEARCH_PATHS = (
					"$(inherited)",
					"@executable_path/Frameworks",
					"@loader_path/Frameworks",
				);
				PRODUCT_BUNDLE_IDENTIFIER = Study.AsynDrawTests;
				PRODUCT_NAME = "$(TARGET_NAME)";
				TARGETED_DEVICE_FAMILY = "1,2";
				TEST_HOST = "$(BUILT_PRODUCTS_DIR)/AsynDraw.app/AsynDraw";
			};
			name = Release;
		};
		7631D886225B37D7001EE13F /* Debug */ = {
			isa = XCBuildConfiguration;
			buildSettings = {
				CODE_SIGN_STYLE = Automatic;
				DEVELOPMENT_TEAM = 2XC5X22KTR;
				INFOPLIST_FILE = AsynDrawUITests/Info.plist;
				LD_RUNPATH_SEARCH_PATHS = (
					"$(inherited)",
					"@executable_path/Frameworks",
					"@loader_path/Frameworks",
				);
				PRODUCT_BUNDLE_IDENTIFIER = Study.AsynDrawUITests;
				PRODUCT_NAME = "$(TARGET_NAME)";
				TARGETED_DEVICE_FAMILY = "1,2";
				TEST_TARGET_NAME = AsynDraw;
			};
			name = Debug;
		};
		7631D887225B37D7001EE13F /* Release */ = {
			isa = XCBuildConfiguration;
			buildSettings = {
				CODE_SIGN_STYLE = Automatic;
				DEVELOPMENT_TEAM = 2XC5X22KTR;
				INFOPLIST_FILE = AsynDrawUITests/Info.plist;
				LD_RUNPATH_SEARCH_PATHS = (
					"$(inherited)",
					"@executable_path/Frameworks",
					"@loader_path/Frameworks",
				);
				PRODUCT_BUNDLE_IDENTIFIER = Study.AsynDrawUITests;
				PRODUCT_NAME = "$(TARGET_NAME)";
				TARGETED_DEVICE_FAMILY = "1,2";
				TEST_TARGET_NAME = AsynDraw;
			};
			name = Release;
		};
/* End XCBuildConfiguration section */

/* Begin XCConfigurationList section */
		7631D84E225B37D3001EE13F /* Build configuration list for PBXProject "AsynDraw" */ = {
			isa = XCConfigurationList;
			buildConfigurations = (
				7631D87D225B37D7001EE13F /* Debug */,
				7631D87E225B37D7001EE13F /* Release */,
			);
			defaultConfigurationIsVisible = 0;
			defaultConfigurationName = Release;
		};
		7631D87F225B37D7001EE13F /* Build configuration list for PBXNativeTarget "AsynDraw" */ = {
			isa = XCConfigurationList;
			buildConfigurations = (
				7631D880225B37D7001EE13F /* Debug */,
				7631D881225B37D7001EE13F /* Release */,
			);
			defaultConfigurationIsVisible = 0;
			defaultConfigurationName = Release;
		};
		7631D882225B37D7001EE13F /* Build configuration list for PBXNativeTarget "AsynDrawTests" */ = {
			isa = XCConfigurationList;
			buildConfigurations = (
				7631D883225B37D7001EE13F /* Debug */,
				7631D884225B37D7001EE13F /* Release */,
			);
			defaultConfigurationIsVisible = 0;
			defaultConfigurationName = Release;
		};
		7631D885225B37D7001EE13F /* Build configuration list for PBXNativeTarget "AsynDrawUITests" */ = {
			isa = XCConfigurationList;
			buildConfigurations = (
				7631D886225B37D7001EE13F /* Debug */,
				7631D887225B37D7001EE13F /* Release */,
			);
			defaultConfigurationIsVisible = 0;
			defaultConfigurationName = Release;
		};
/* End XCConfigurationList section */
	};
	rootObject = 7631D84B225B37D3001EE13F /* Project object */;
}
